<?xml version="1.0" encoding="UTF-8" standalone="yes" ?>
<CodeBlocks_project_file>
	<FileVersion major="1" minor="6" />
	<Project>
		<Option title="Tokomedia_2.0" />
		<Option pch_mode="2" />
		<Option compiler="gcc" />
		<Build>
			<Target title="Debug">
				<Option output="bin/Debug/Tokomedia_2" prefix_auto="1" extension_auto="1" />
				<Option object_output="obj/Debug/" />
				<Option type="1" />
				<Option compiler="gcc" />
				<Compiler>
					<Add option="-g" />
					<Add directory="C:/Program Files (x86)/Dev-Cpp/MinGW64/include" />
				</Compiler>
				<Linker>
					<Add library="C:/Program Files (x86)/Dev-Cpp/MinGW64/lib/libmysql.a" />
					<Add directory="C:/Program Files (x86)/Dev-Cpp/MinGW64/include" />
				</Linker>
			</Target>
			<Target title="Release">
				<Option output="bin/Release/Tokomedia_2" prefix_auto="1" extension_auto="1" />
				<Option object_output="obj/Release/" />
				<Option type="1" />
				<Option compiler="gcc" />
				<Compiler>
					<Add option="-O2" />
				</Compiler>
				<Linker>
					<Add option="-s" />
				</Linker>
			</Target>
		</Build>
		<Compiler>
			<Add option="-Wall" />
			<Add option="-fexceptions" />
			<Add directory="../../../../../../../Program Files (x86)/Dev-Cpp/MinGW64/include" />
		</Compiler>
		<Linker>
			<Add library="../../../../../../../Program Files (x86)/Dev-Cpp/MinGW64/lib/libmysql.a" />
		</Linker>
		<Unit filename="config/connectDatabase.h" />
		<Unit filename="display/displayEmail.h" />
		<Unit filename="display/displayTokomedia.h" />
		<Unit filename="env.h" />
		<Unit filename="main.cpp" />
		<Unit filename="migration/migrateDatabaseTable.h" />
		<Unit filename="model/Email/modelEmail.h" />
		<Unit filename="model/Email/modelEmailInbox.h" />
		<Unit filename="model/Email/modelEmailSent.h" />
		<Unit filename="model/Tokomedia/modelCartTokomedia.h" />
		<Unit filename="model/Tokomedia/modelItemlistTokomedia.h" />
		<Unit filename="model/Tokomedia/modelOrderDetailsTokomedia.h" />
		<Unit filename="model/Tokomedia/modelTokomediaAccount.h" />
		<Unit filename="model/Tokomedia/modelTokomediaShopAccount.h" />
		<Unit filename="model/Tokomedia/modelTransactionTokomedia.h" />
		<Unit filename="service/Email/serviceEmail.h" />
		<Unit filename="service/Email/serviceEmailInbox.h" />
		<Unit filename="service/Email/serviceEmailSent.h" />
		<Unit filename="service/Tokomedia/serviceCartTokomedia.h" />
		<Unit filename="service/Tokomedia/serviceItemlistTokomedia.h" />
		<Unit filename="service/Tokomedia/serviceOrderDetailsTokomedia.h" />
		<Unit filename="service/Tokomedia/serviceTokomediaAccount.h" />
		<Unit filename="service/Tokomedia/serviceTokomediaShopAccount.h" />
		<Unit filename="service/Tokomedia/serviceTransactionTokomedia.h" />
		<Unit filename="start/startProgram.h" />
		<Unit filename="tools/cursorTools.h" />
		<Unit filename="tools/descriptionConverter.h" />
		<Unit filename="tools/generator.h" />
		<Unit filename="tools/hasherTools.h" />
		<Unit filename="tools/sha256.cpp" />
		<Unit filename="tools/sha256.h" />
		<Unit filename="tools/timeTools.h" />
		<Extensions>
			<lib_finder disable_auto="1" />
		</Extensions>
	</Project>
</CodeBlocks_project_file>
